
Microsoft Visual Studio Solution File, Format Version 12.00
# Visual Studio Version 17
VisualStudioVersion = 17.7.34009.444
MinimumVisualStudioVersion = 10.0.40219.1
Project("{FAE04EC0-301F-11D3-BF4B-00C04F79EFBC}") = "Database 11 16", "Database 11 16.csproj", "{2C1C4395-C6D6-4522-8013-F320513B6420}"
EndProject
Global
	GlobalSection(SolutionConfigurationPlatforms) = preSolution
		Debug|Any CPU = Debug|Any CPU
		Release|Any CPU = Release|Any CPU
	EndGlobalSection
	GlobalSection(ProjectConfigurationPlatforms) = postSolution
		{2C1C4395-C6D6-4522-8013-F320513B6420}.Debug|Any CPU.ActiveCfg = Debug|Any CPU
		{2C1C4395-C6D6-4522-8013-F320513B6420}.Debug|Any CPU.Build.0 = Debug|Any CPU
		{2C1C4395-C6D6-4522-8013-F320513B6420}.Release|Any CPU.ActiveCfg = Release|Any CPU
		{2C1C4395-C6D6-4522-8013-F320513B6420}.Release|Any CPU.Build.0 = Release|Any CPU
	EndGlobalSection
	GlobalSection(SolutionProperties) = preSolution
		HideSolutionNode = FALSE
	EndGlobalSection
	GlobalSection(ExtensibilityGlobals) = postSolution
		SolutionGuid = {4D3B67F8-DB91-4B94-8D5A-86ACEC77E819}
	EndGlobalSection
EndGlobal
